
Microsoft Visual Studio Solution File, Format Version 12.00
# Visual Studio Version 16
VisualStudioVersion = 16.0.30413.136
MinimumVisualStudioVersion = 10.0.40219.1
Project("{FAE04EC0-301F-11D3-BF4B-00C04F79EFBC}") = "IEduCare.Domain", "IEduCare.Domain\IEduCare.Domain.csproj", "{4C7FFD1D-DC13-4F3D-98A3-31A0C603B1DE}"
EndProject
Project("{FAE04EC0-301F-11D3-BF4B-00C04F79EFBC}") = "IEduCare.Shared", "IEduCare.Shared\IEduCare.Shared.csproj", "{9C60AB5F-C5CC-47D2-AF01-DD6CFB9A1E73}"
EndProject
Project("{FAE04EC0-301F-11D3-BF4B-00C04F79EFBC}") = "IEduCare.Service", "IEduCare.Service\IEduCare.Service.csproj", "{8D21E529-26E7-4255-97C0-3D74F9E50FCC}"
EndProject
Project("{FAE04EC0-301F-11D3-BF4B-00C04F79EFBC}") = "IEduCare.API", "IEduCare.API\IEduCare.API.csproj", "{BB8D07FB-5314-49F7-A241-972F5C182883}"
EndProject
Project("{FAE04EC0-301F-11D3-BF4B-00C04F79EFBC}") = "IEduCare.Common", "IEduCare.Common\IEduCare.Common.csproj", "{22C5ECF0-30A9-4A27-82CF-6A12C012F9B8}"
EndProject
Global
	GlobalSection(SolutionConfigurationPlatforms) = preSolution
		Debug|Any CPU = Debug|Any CPU
		Release|Any CPU = Release|Any CPU
	EndGlobalSection
	GlobalSection(ProjectConfigurationPlatforms) = postSolution
		{4C7FFD1D-DC13-4F3D-98A3-31A0C603B1DE}.Debug|Any CPU.ActiveCfg = Debug|Any CPU
		{4C7FFD1D-DC13-4F3D-98A3-31A0C603B1DE}.Debug|Any CPU.Build.0 = Debug|Any CPU
		{4C7FFD1D-DC13-4F3D-98A3-31A0C603B1DE}.Release|Any CPU.ActiveCfg = Release|Any CPU
		{4C7FFD1D-DC13-4F3D-98A3-31A0C603B1DE}.Release|Any CPU.Build.0 = Release|Any CPU
		{9C60AB5F-C5CC-47D2-AF01-DD6CFB9A1E73}.Debug|Any CPU.ActiveCfg = Debug|Any CPU
		{9C60AB5F-C5CC-47D2-AF01-DD6CFB9A1E73}.Debug|Any CPU.Build.0 = Debug|Any CPU
		{9C60AB5F-C5CC-47D2-AF01-DD6CFB9A1E73}.Release|Any CPU.ActiveCfg = Release|Any CPU
		{9C60AB5F-C5CC-47D2-AF01-DD6CFB9A1E73}.Release|Any CPU.Build.0 = Release|Any CPU
		{8D21E529-26E7-4255-97C0-3D74F9E50FCC}.Debug|Any CPU.ActiveCfg = Debug|Any CPU
		{8D21E529-26E7-4255-97C0-3D74F9E50FCC}.Debug|Any CPU.Build.0 = Debug|Any CPU
		{8D21E529-26E7-4255-97C0-3D74F9E50FCC}.Release|Any CPU.ActiveCfg = Release|Any CPU
		{8D21E529-26E7-4255-97C0-3D74F9E50FCC}.Release|Any CPU.Build.0 = Release|Any CPU
		{BB8D07FB-5314-49F7-A241-972F5C182883}.Debug|Any CPU.ActiveCfg = Debug|Any CPU
		{BB8D07FB-5314-49F7-A241-972F5C182883}.Debug|Any CPU.Build.0 = Debug|Any CPU
		{BB8D07FB-5314-49F7-A241-972F5C182883}.Release|Any CPU.ActiveCfg = Release|Any CPU
		{BB8D07FB-5314-49F7-A241-972F5C182883}.Release|Any CPU.Build.0 = Release|Any CPU
		{22C5ECF0-30A9-4A27-82CF-6A12C012F9B8}.Debug|Any CPU.ActiveCfg = Debug|Any CPU
		{22C5ECF0-30A9-4A27-82CF-6A12C012F9B8}.Debug|Any CPU.Build.0 = Debug|Any CPU
		{22C5ECF0-30A9-4A27-82CF-6A12C012F9B8}.Release|Any CPU.ActiveCfg = Release|Any CPU
		{22C5ECF0-30A9-4A27-82CF-6A12C012F9B8}.Release|Any CPU.Build.0 = Release|Any CPU
	EndGlobalSection
	GlobalSection(SolutionProperties) = preSolution
		HideSolutionNode = FALSE
	EndGlobalSection
	GlobalSection(ExtensibilityGlobals) = postSolution
		SolutionGuid = {8B6C055A-91C8-40DB-99CD-423DCF6E6210}
	EndGlobalSection
EndGlobal
